
Microsoft Visual Studio Solution File, Format Version 11.00
# Visual Studio 2010
Project("{FAE04EC0-301F-11D3-BF4B-00C04F79EFBC}") = "DesktopServer", "Assembly-CSharp.csproj", "{18AF2980-8662-647A-A7D0-CEE4FA22D41B}"
EndProject
Project("{FAE04EC0-301F-11D3-BF4B-00C04F79EFBC}") = "DesktopServer", "Assembly-CSharp-Editor.csproj", "{2FF5FDE0-E13B-6F8C-3B17-EBFA14819E8E}"
EndProject
Global
	GlobalSection(SolutionConfigurationPlatforms) = preSolution
		Debug|Any CPU = Debug|Any CPU
		Release|Any CPU = Release|Any CPU
	EndGlobalSection
	GlobalSection(ProjectConfigurationPlatforms) = postSolution
		{18AF2980-8662-647A-A7D0-CEE4FA22D41B}.Debug|Any CPU.ActiveCfg = Debug|Any CPU
		{18AF2980-8662-647A-A7D0-CEE4FA22D41B}.Debug|Any CPU.Build.0 = Debug|Any CPU
		{18AF2980-8662-647A-A7D0-CEE4FA22D41B}.Release|Any CPU.ActiveCfg = Release|Any CPU
		{18AF2980-8662-647A-A7D0-CEE4FA22D41B}.Release|Any CPU.Build.0 = Release|Any CPU
		{2FF5FDE0-E13B-6F8C-3B17-EBFA14819E8E}.Debug|Any CPU.ActiveCfg = Debug|Any CPU
		{2FF5FDE0-E13B-6F8C-3B17-EBFA14819E8E}.Debug|Any CPU.Build.0 = Debug|Any CPU
		{2FF5FDE0-E13B-6F8C-3B17-EBFA14819E8E}.Release|Any CPU.ActiveCfg = Release|Any CPU
		{2FF5FDE0-E13B-6F8C-3B17-EBFA14819E8E}.Release|Any CPU.Build.0 = Release|Any CPU
	EndGlobalSection
	GlobalSection(SolutionProperties) = preSolution
		HideSolutionNode = FALSE
	EndGlobalSection
	GlobalSection(MonoDevelopProperties) = preSolution
		StartupItem = Assembly-CSharp.csproj
	EndGlobalSection
EndGlobal
